
Microsoft Visual Studio Solution File, Format Version 12.00
# Visual Studio Version 17
VisualStudioVersion = 17.3.32819.101
MinimumVisualStudioVersion = 10.0.40219.1
Project("{FAE04EC0-301F-11D3-BF4B-00C04F79EFBC}") = "BookStore", "BookStore\BookStore.csproj", "{8EB5B567-F77A-49F1-904E-D02D9CB4177C}"
EndProject
Global
	GlobalSection(SolutionConfigurationPlatforms) = preSolution
		Debug|Any CPU = Debug|Any CPU
		Release|Any CPU = Release|Any CPU
	EndGlobalSection
	GlobalSection(ProjectConfigurationPlatforms) = postSolution
		{8EB5B567-F77A-49F1-904E-D02D9CB4177C}.Debug|Any CPU.ActiveCfg = Debug|Any CPU
		{8EB5B567-F77A-49F1-904E-D02D9CB4177C}.Debug|Any CPU.Build.0 = Debug|Any CPU
		{8EB5B567-F77A-49F1-904E-D02D9CB4177C}.Release|Any CPU.ActiveCfg = Release|Any CPU
		{8EB5B567-F77A-49F1-904E-D02D9CB4177C}.Release|Any CPU.Build.0 = Release|Any CPU
	EndGlobalSection
	GlobalSection(SolutionProperties) = preSolution
		HideSolutionNode = FALSE
	EndGlobalSection
	GlobalSection(ExtensibilityGlobals) = postSolution
		SolutionGuid = {51D3C866-6E24-4354-BAB6-24599996A6D0}
	EndGlobalSection
EndGlobal
